Microsoft Visual Studio Solution File, Format Version 12.00
# Visual Studio Version 17
VisualStudioVersion = 17.5.2.0
MinimumVisualStudioVersion = 10.0.40219.1
Project("{FAE04EC0-301F-11D3-BF4B-00C04F79EFBC}") = "GotifyClient", "GotifyClient.csproj", "{16E06F7D-7089-2D4D-FE3A-9077F5795E04}"
EndProject
Global
	GlobalSection(SolutionConfigurationPlatforms) = preSolution
		Debug|Any CPU = Debug|Any CPU
		Release|Any CPU = Release|Any CPU
	EndGlobalSection
	GlobalSection(ProjectConfigurationPlatforms) = postSolution
		{16E06F7D-7089-2D4D-FE3A-9077F5795E04}.Debug|Any CPU.ActiveCfg = Debug|Any CPU
		{16E06F7D-7089-2D4D-FE3A-9077F5795E04}.Debug|Any CPU.Build.0 = Debug|Any CPU
		{16E06F7D-7089-2D4D-FE3A-9077F5795E04}.Release|Any CPU.ActiveCfg = Release|Any CPU
		{16E06F7D-7089-2D4D-FE3A-9077F5795E04}.Release|Any CPU.Build.0 = Release|Any CPU
	EndGlobalSection
	GlobalSection(SolutionProperties) = preSolution
		HideSolutionNode = FALSE
	EndGlobalSection
	GlobalSection(ExtensibilityGlobals) = postSolution
		SolutionGuid = {B28C5911-53E7-4798-B28D-CC8CAFBAE582}
	EndGlobalSection
EndGlobal
